Microsoft Visual Studio Solution File, Format Version 11.00
# Visual Studio 2008

Project("{D3CF7D2E-B0E2-4790-06E2-7C5F2E99E26F}") = "Escape-game", "Assembly-CSharp.csproj", "{4FF3488C-2A32-D26A-2C01-FBE24A5BAFB6}"
EndProject
Global
	GlobalSection(SolutionConfigurationPlatforms) = preSolution
		Debug|Any CPU = Debug|Any CPU
		Release|Any CPU = Release|Any CPU
	EndGlobalSection
	GlobalSection(ProjectConfigurationPlatforms) = postSolution
		{4FF3488C-2A32-D26A-2C01-FBE24A5BAFB6}.Debug|Any CPU.ActiveCfg = Debug|Any CPU
		{4FF3488C-2A32-D26A-2C01-FBE24A5BAFB6}.Debug|Any CPU.Build.0 = Debug|Any CPU
		{4FF3488C-2A32-D26A-2C01-FBE24A5BAFB6}.Release|Any CPU.ActiveCfg = Release|Any CPU
		{4FF3488C-2A32-D26A-2C01-FBE24A5BAFB6}.Release|Any CPU.Build.0 = Release|Any CPU
	EndGlobalSection
	GlobalSection(SolutionProperties) = preSolution
		HideSolutionNode = FALSE
	EndGlobalSection
	GlobalSection(MonoDevelopProperties) = preSolution
		StartupItem = Assembly-CSharp.csproj
	EndGlobalSection
EndGlobal
